<?xml version="1.0" encoding="utf-8"?>
<Project ToolsVersion="4.0" xmlns="http://schemas.microsoft.com/developer/msbuild/2003">
  <ItemGroup>
    <Filter Include="Source Files">
      <UniqueIdentifier>{4FC737F1-C7A5-4376-A066-2A32D752A2FF}</UniqueIdentifier>
      <Extensions>cpp;c;cc;cxx;def;odl;idl;hpj;bat;asm;asmx</Extensions>
    </Filter>
    <Filter Include="Header Files">
      <UniqueIdentifier>{93995380-89BD-4b04-88EB-625FBE52EBFB}</UniqueIdentifier>
      <Extensions>h;hh;hpp;hxx;hm;inl;inc;xsd</Extensions>
    </Filter>
    <Filter Include="Resource Files">
      <UniqueIdentifier>{67DA6AB6-F800-4c08-8B7A-83BB121AAD01}</UniqueIdentifier>
      <Extensions>rc;ico;cur;bmp;dlg;rc2;rct;bin;rgs;gif;jpg;jpeg;jpe;resx;tiff;tif;png;wav;mfcribbon-ms</Extensions>
    </Filter>
    <Filter Include="Header Files\VortexGameEngine">
      <UniqueIdentifier>{410d55d1-dad9-491b-94ea-deec1013a993}</UniqueIdentifier>
    </Filter>
    <Filter Include="Source Files\VortexGameEngine">
      <UniqueIdentifier>{ae9f3dc8-2824-4b27-ac5c-3129c6ed925c}</UniqueIdentifier>
    </Filter>
  </ItemGroup>
  <ItemGroup>
    <ClCompile Include="Source.cpp">
      <Filter>Source Files</Filter>
    </ClCompile>
    <ClCompile Include="Pos.cpp">
      <Filter>Source Files</Filter>
    </ClCompile>
    <ClCompile Include="GameObject.cpp">
      <Filter>Source Files</Filter>
    </ClCompile>
    <ClCompile Include="TexturedObject.cpp">
      <Filter>Source Files</Filter>
    </ClCompile>
    <ClCompile Include="SpriteObject.cpp">
      <Filter>Source Files</Filter>
    </ClCompile>
    <ClCompile Include="TowerObject.cpp">
      <Filter>Source Files</Filter>
    </ClCompile>
    <ClCompile Include="ButtonObject.cpp">
      <Filter>Source Files</Filter>
    </ClCompile>
    <ClCompile Include="Vortex.cpp">
      <Filter>Source Files\VortexGameEngine</Filter>
    </ClCompile>
    <ClCompile Include="VortexButton.cpp">
      <Filter>Source Files\VortexGameEngine</Filter>
    </ClCompile>
    <ClCompile Include="VortexParticleSystem.cpp">
      <Filter>Source Files\VortexGameEngine</Filter>
    </ClCompile>
    <ClCompile Include="VortexAnimation.cpp">
      <Filter>Source Files</Filter>
    </ClCompile>
    <ClCompile Include="VortexLoader.cpp">
      <Filter>Source Files</Filter>
    </ClCompile>
  </ItemGroup>
  <ItemGroup>
    <ClInclude Include="Pos.h">
      <Filter>Header Files</Filter>
    </ClInclude>
    <ClInclude Include="GameObject.h">
      <Filter>Header Files</Filter>
    </ClInclude>
    <ClInclude Include="TexturedObject.h">
      <Filter>Header Files</Filter>
    </ClInclude>
    <ClInclude Include="SpriteObject.h">
      <Filter>Header Files</Filter>
    </ClInclude>
    <ClInclude Include="TowerObject.h">
      <Filter>Header Files</Filter>
    </ClInclude>
    <ClInclude Include="ButtonObject.h">
      <Filter>Header Files</Filter>
    </ClInclude>
    <ClInclude Include="Vortex.h">
      <Filter>Header Files\VortexGameEngine</Filter>
    </ClInclude>
    <ClInclude Include="VortexButton.h">
      <Filter>Header Files\VortexGameEngine</Filter>
    </ClInclude>
    <ClInclude Include="VortexParticleSystem.h">
      <Filter>Header Files\VortexGameEngine</Filter>
    </ClInclude>
    <ClInclude Include="VortexAnimation.h">
      <Filter>Header Files</Filter>
    </ClInclude>
    <ClInclude Include="VortexLoader.h">
      <Filter>Header Files</Filter>
    </ClInclude>
  </ItemGroup>
</Project>