<?xml version="1.0" encoding="utf-8"?>
<Project ToolsVersion="4.0" xmlns="http://schemas.microsoft.com/developer/msbuild/2003">
  <ItemGroup>
    <Filter Include="Source Files">
      <UniqueIdentifier>{4FC737F1-C7A5-4376-A066-2A32D752A2FF}</UniqueIdentifier>
      <Extensions>cpp;c;cc;cxx;def;odl;idl;hpj;bat;asm;asmx</Extensions>
    </Filter>
    <Filter Include="Header Files">
      <UniqueIdentifier>{93995380-89BD-4b04-88EB-625FBE52EBFB}</UniqueIdentifier>
      <Extensions>h;hh;hpp;hxx;hm;inl;inc;xsd</Extensions>
    </Filter>
    <Filter Include="Resource Files">
      <UniqueIdentifier>{67DA6AB6-F800-4c08-8B7A-83BB121AAD01}</UniqueIdentifier>
      <Extensions>rc;ico;cur;bmp;dlg;rc2;rct;bin;rgs;gif;jpg;jpeg;jpe;resx;tiff;tif;png;wav;mfcribbon-ms</Extensions>
    </Filter>
    <Filter Include="Header Files\VortexGameEngine">
      <UniqueIdentifier>{410d55d1-dad9-491b-94ea-deec1013a993}</UniqueIdentifier>
    </Filter>
    <Filter Include="Source Files\VortexGameEngine">
      <UniqueIdentifier>{ae9f3dc8-2824-4b27-ac5c-3129c6ed925c}</UniqueIdentifier>
    </Filter>
    <Filter Include="Header Files\GameObjects">
      <UniqueIdentifier>{6194136d-ae02-4e13-a2da-a7987e1a56db}</UniqueIdentifier>
    </Filter>
    <Filter Include="Source Files\GameObjects">
      <UniqueIdentifier>{c6b3e4a5-8733-42ee-884a-7bb3767d40e4}</UniqueIdentifier>
    </Filter>
    <Filter Include="Header Files\Utilities">
      <UniqueIdentifier>{1b0e804f-d3c1-4bc8-9ea1-ccacb8b1111c}</UniqueIdentifier>
    </Filter>
    <Filter Include="Source Files\Utilities">
      <UniqueIdentifier>{4d45f6ad-ddba-40a2-bbb5-29de2eea83f7}</UniqueIdentifier>
    </Filter>
    <Filter Include="Source Files\Controllers">
      <UniqueIdentifier>{9f976631-807a-43e3-8369-774f3a4ba207}</UniqueIdentifier>
    </Filter>
    <Filter Include="Header Files\Controllers">
      <UniqueIdentifier>{2ba11136-5d57-4f1b-b4af-c748fe46e60b}</UniqueIdentifier>
    </Filter>
  </ItemGroup>
  <ItemGroup>
    <ClCompile Include="Vortex.cpp">
      <Filter>Source Files\VortexGameEngine</Filter>
    </ClCompile>
    <ClCompile Include="VortexButton.cpp">
      <Filter>Source Files\VortexGameEngine</Filter>
    </ClCompile>
    <ClCompile Include="VortexParticleSystem.cpp">
      <Filter>Source Files\VortexGameEngine</Filter>
    </ClCompile>
    <ClCompile Include="VortexLoader.cpp">
      <Filter>Source Files\VortexGameEngine</Filter>
    </ClCompile>
    <ClCompile Include="VortexAnimation.cpp">
      <Filter>Source Files\VortexGameEngine</Filter>
    </ClCompile>
    <ClCompile Include="Main.cpp">
      <Filter>Source Files</Filter>
    </ClCompile>
    <ClCompile Include="VortexSprite.cpp">
      <Filter>Source Files\VortexGameEngine</Filter>
    </ClCompile>
    <ClCompile Include="MenuController.cpp">
      <Filter>Source Files\Controllers</Filter>
    </ClCompile>
    <ClCompile Include="GameController.cpp">
      <Filter>Source Files\Controllers</Filter>
    </ClCompile>
    <ClCompile Include="ProgramController.cpp">
      <Filter>Source Files\Controllers</Filter>
    </ClCompile>
    <ClCompile Include="Tower.cpp">
      <Filter>Source Files\GameObjects</Filter>
    </ClCompile>
    <ClCompile Include="Unit.cpp">
      <Filter>Source Files\GameObjects</Filter>
    </ClCompile>
    <ClCompile Include="GameGuiController.cpp">
      <Filter>Source Files\Controllers</Filter>
    </ClCompile>
    <ClCompile Include="VortexUseExample.cpp">
      <Filter>Source Files\VortexGameEngine</Filter>
    </ClCompile>
    <ClCompile Include="GlobalDefines.cpp">
      <Filter>Source Files</Filter>
    </ClCompile>
    <ClCompile Include="BasicUnit.cpp">
      <Filter>Source Files\GameObjects</Filter>
    </ClCompile>
    <ClCompile Include="Entity.cpp">
      <Filter>Source Files\GameObjects</Filter>
    </ClCompile>
    <ClCompile Include="SubController.cpp">
      <Filter>Source Files\Controllers</Filter>
    </ClCompile>
    <ClCompile Include="VortexConvexButton.cpp">
      <Filter>Source Files\VortexGameEngine</Filter>
    </ClCompile>
    <ClCompile Include="Renderer.cpp">
      <Filter>Source Files</Filter>
    </ClCompile>
    <ClCompile Include="RenderObject.cpp">
      <Filter>Source Files</Filter>
    </ClCompile>
    <ClCompile Include="VortexText.cpp">
      <Filter>Source Files\VortexGameEngine</Filter>
    </ClCompile>
  </ItemGroup>
  <ItemGroup>
    <ClInclude Include="Vortex.h">
      <Filter>Header Files\VortexGameEngine</Filter>
    </ClInclude>
    <ClInclude Include="VortexButton.h">
      <Filter>Header Files\VortexGameEngine</Filter>
    </ClInclude>
    <ClInclude Include="VortexParticleSystem.h">
      <Filter>Header Files\VortexGameEngine</Filter>
    </ClInclude>
    <ClInclude Include="VortexLoader.h">
      <Filter>Header Files\VortexGameEngine</Filter>
    </ClInclude>
    <ClInclude Include="VortexAnimation.h">
      <Filter>Header Files\VortexGameEngine</Filter>
    </ClInclude>
    <ClInclude Include="GameController.h">
      <Filter>Header Files\Controllers</Filter>
    </ClInclude>
    <ClInclude Include="MenuController.h">
      <Filter>Header Files\Controllers</Filter>
    </ClInclude>
    <ClInclude Include="ProgramController.h">
      <Filter>Header Files\Controllers</Filter>
    </ClInclude>
    <ClInclude Include="Tower.h">
      <Filter>Header Files\GameObjects</Filter>
    </ClInclude>
    <ClInclude Include="VortexSprite.h">
      <Filter>Header Files\VortexGameEngine</Filter>
    </ClInclude>
    <ClInclude Include="GameGuiController.h">
      <Filter>Header Files\Controllers</Filter>
    </ClInclude>
    <ClInclude Include="VortexUseExample.h">
      <Filter>Header Files\VortexGameEngine</Filter>
    </ClInclude>
    <ClInclude Include="sVar.h">
      <Filter>Header Files\Utilities</Filter>
    </ClInclude>
    <ClInclude Include="Unit.h">
      <Filter>Header Files\GameObjects</Filter>
    </ClInclude>
    <ClInclude Include="GlobalDefines.h">
      <Filter>Header Files</Filter>
    </ClInclude>
    <ClInclude Include="VortexConvexButton.h">
      <Filter>Header Files\VortexGameEngine</Filter>
    </ClInclude>
    <ClInclude Include="Entity.h">
      <Filter>Header Files\GameObjects</Filter>
    </ClInclude>
    <ClInclude Include="BasicUnit.h">
      <Filter>Header Files\GameObjects</Filter>
    </ClInclude>
    <ClInclude Include="SubController.h">
      <Filter>Header Files\Controllers</Filter>
    </ClInclude>
    <ClInclude Include="Renderer.h">
      <Filter>Header Files</Filter>
    </ClInclude>
    <ClInclude Include="RenderObject.h">
      <Filter>Header Files</Filter>
    </ClInclude>
    <ClInclude Include="VortexText.h">
      <Filter>Header Files\VortexGameEngine</Filter>
    </ClInclude>
  </ItemGroup>
</Project>